
Microsoft Visual Studio Solution File, Format Version 12.00
# Visual Studio Version 16
VisualStudioVersion = 16.0.30804.86
MinimumVisualStudioVersion = 10.0.40219.1
Project("{FAE04EC0-301F-11D3-BF4B-00C04F79EFBC}") = "Marvel", "Marvel\Marvel.csproj", "{86396817-A03D-48BD-A164-77A2287710DF}"
EndProject
Global
	GlobalSection(SolutionConfigurationPlatforms) = preSolution
		Debug|Any CPU = Debug|Any CPU
		Release|Any CPU = Release|Any CPU
	EndGlobalSection
	GlobalSection(ProjectConfigurationPlatforms) = postSolution
		{86396817-A03D-48BD-A164-77A2287710DF}.Debug|Any CPU.ActiveCfg = Debug|Any CPU
		{86396817-A03D-48BD-A164-77A2287710DF}.Debug|Any CPU.Build.0 = Debug|Any CPU
		{86396817-A03D-48BD-A164-77A2287710DF}.Release|Any CPU.ActiveCfg = Release|Any CPU
		{86396817-A03D-48BD-A164-77A2287710DF}.Release|Any CPU.Build.0 = Release|Any CPU
	EndGlobalSection
	GlobalSection(SolutionProperties) = preSolution
		HideSolutionNode = FALSE
	EndGlobalSection
	GlobalSection(ExtensibilityGlobals) = postSolution
		SolutionGuid = {78F830D6-FA93-4534-846E-B315D4CB4772}
	EndGlobalSection
EndGlobal
